
Microsoft Visual Studio Solution File, Format Version 12.00
# Visual Studio Version 17
VisualStudioVersion = 17.2.32630.192
MinimumVisualStudioVersion = 10.0.40219.1
Project("{FAE04EC0-301F-11D3-BF4B-00C04F79EFBC}") = "Classes test", "Classes test\Classes test.csproj", "{8CC6FAD4-7E5E-4726-882D-53E1BBDB01C3}"
EndProject
Global
	GlobalSection(SolutionConfigurationPlatforms) = preSolution
		Debug|Any CPU = Debug|Any CPU
		Release|Any CPU = Release|Any CPU
	EndGlobalSection
	GlobalSection(ProjectConfigurationPlatforms) = postSolution
		{8CC6FAD4-7E5E-4726-882D-53E1BBDB01C3}.Debug|Any CPU.ActiveCfg = Debug|Any CPU
		{8CC6FAD4-7E5E-4726-882D-53E1BBDB01C3}.Debug|Any CPU.Build.0 = Debug|Any CPU
		{8CC6FAD4-7E5E-4726-882D-53E1BBDB01C3}.Release|Any CPU.ActiveCfg = Release|Any CPU
		{8CC6FAD4-7E5E-4726-882D-53E1BBDB01C3}.Release|Any CPU.Build.0 = Release|Any CPU
	EndGlobalSection
	GlobalSection(SolutionProperties) = preSolution
		HideSolutionNode = FALSE
	EndGlobalSection
	GlobalSection(ExtensibilityGlobals) = postSolution
		SolutionGuid = {4598FE98-B6E0-4586-B1C3-074672A58C5A}
	EndGlobalSection
EndGlobal
